// !$*UTF8*$!
{
	archiveVersion = 1;
	classes = {
	};
	objectVersion = 51;
	objects = {

/* Begin PBXBuildFile section */
		3A181BFA22D8462E00711E49 /* DateExtensions.swift in Sources */ = {isa = PBXBuildFile; fileRef = 3A181BF922D8462E00711E49 /* DateExtensions.swift */; };
		3A181BFC22D84F3A00711E49 /* DoubleExtensions.swift in Sources */ = {isa = PBXBuildFile; fileRef = 3A181BFB22D84F3A00711E49 /* DoubleExtensions.swift */; };
		3A4629E622D6AAF600A81971 /* ViewControllerContainer.swift in Sources */ = {isa = PBXBuildFile; fileRef = 3A4629E522D6AAF600A81971 /* ViewControllerContainer.swift */; };
		3A4629E822D6B3A400A81971 /* UIView+IB.swift in Sources */ = {isa = PBXBuildFile; fileRef = 3A4629E722D6B3A400A81971 /* UIView+IB.swift */; };
		3A4629EB22D7107400A81971 /* Budget.storyboard in Resources */ = {isa = PBXBuildFile; fileRef = 3A4629EA22D7107400A81971 /* Budget.storyboard */; };
		3A4629ED22D7109100A81971 /* BudgetViewController.swift in Sources */ = {isa = PBXBuildFile; fileRef = 3A4629EC22D7109100A81971 /* BudgetViewController.swift */; };
		3A4629EF22D7109E00A81971 /* BudgetViewModel.swift in Sources */ = {isa = PBXBuildFile; fileRef = 3A4629EE22D7109E00A81971 /* BudgetViewModel.swift */; };
		3A4629FD22D82EFC00A81971 /* RecentTransactionsCell.swift in Sources */ = {isa = PBXBuildFile; fileRef = 3A4629F922D82EFC00A81971 /* RecentTransactionsCell.swift */; };
		3A4629FE22D82EFC00A81971 /* RecentTransactionsViewController.swift in Sources */ = {isa = PBXBuildFile; fileRef = 3A4629FA22D82EFC00A81971 /* RecentTransactionsViewController.swift */; };
		3A4629FF22D82EFC00A81971 /* RecentTransactions.storyboard in Resources */ = {isa = PBXBuildFile; fileRef = 3A4629FB22D82EFC00A81971 /* RecentTransactions.storyboard */; };
		3A462A0022D82EFC00A81971 /* RecentTransactionsViewModel.swift in Sources */ = {isa = PBXBuildFile; fileRef = 3A4629FC22D82EFC00A81971 /* RecentTransactionsViewModel.swift */; };
		3A75407F22D4614D00E1C6A2 /* EntryViewController.swift in Sources */ = {isa = PBXBuildFile; fileRef = 3A75407E22D4614D00E1C6A2 /* EntryViewController.swift */; };
		3A75408122D461E000E1C6A2 /* EntryViewModel.swift in Sources */ = {isa = PBXBuildFile; fileRef = 3A75408022D461E000E1C6A2 /* EntryViewModel.swift */; };
		3A75408522D463C800E1C6A2 /* Entry.storyboard in Resources */ = {isa = PBXBuildFile; fileRef = 3A75408422D463C800E1C6A2 /* Entry.storyboard */; };
		3A75408B22D46DCB00E1C6A2 /* SwiftGenStoryboards.swift in Sources */ = {isa = PBXBuildFile; fileRef = 3A75408822D46DCB00E1C6A2 /* SwiftGenStoryboards.swift */; };
		3A75408C22D46DCB00E1C6A2 /* SwiftGenImages.swift in Sources */ = {isa = PBXBuildFile; fileRef = 3A75408922D46DCB00E1C6A2 /* SwiftGenImages.swift */; };
		3A75408D22D46DCB00E1C6A2 /* SwiftGenSegues.swift in Sources */ = {isa = PBXBuildFile; fileRef = 3A75408A22D46DCB00E1C6A2 /* SwiftGenSegues.swift */; };
		3A75408F22D46DE000E1C6A2 /* Router.swift in Sources */ = {isa = PBXBuildFile; fileRef = 3A75408E22D46DE000E1C6A2 /* Router.swift */; };
		3A75409122D46E2600E1C6A2 /* NavigationOption.swift in Sources */ = {isa = PBXBuildFile; fileRef = 3A75409022D46E2600E1C6A2 /* NavigationOption.swift */; };
		3A75409322D4702600E1C6A2 /* TransitionOptions.swift in Sources */ = {isa = PBXBuildFile; fileRef = 3A75409222D4702600E1C6A2 /* TransitionOptions.swift */; };
		3A95923C22B45F22000790DF /* GoogleService-Info.plist in Resources */ = {isa = PBXBuildFile; fileRef = 3A95923B22B45F22000790DF /* GoogleService-Info.plist */; };
		3A99164C22D2B783006D1593 /* Overview.storyboard in Resources */ = {isa = PBXBuildFile; fileRef = 3A99164B22D2B783006D1593 /* Overview.storyboard */; };
		3A99165322D2F9BA006D1593 /* Balances.storyboard in Resources */ = {isa = PBXBuildFile; fileRef = 3A99165222D2F9BA006D1593 /* Balances.storyboard */; };
		3A99165522D326ED006D1593 /* BalancesViewController.swift in Sources */ = {isa = PBXBuildFile; fileRef = 3A99165422D326ED006D1593 /* BalancesViewController.swift */; };
		3A99165722D327AB006D1593 /* BalancesViewModel.swift in Sources */ = {isa = PBXBuildFile; fileRef = 3A99165622D327AB006D1593 /* BalancesViewModel.swift */; };
		3AB766E222AF864D004EEA22 /* AppDelegate.swift in Sources */ = {isa = PBXBuildFile; fileRef = 3AB766E122AF864D004EEA22 /* AppDelegate.swift */; };
		3AB766E422AF864D004EEA22 /* OverviewViewController.swift in Sources */ = {isa = PBXBuildFile; fileRef = 3AB766E322AF864D004EEA22 /* OverviewViewController.swift */; };
		3AB766E622AF864D004EEA22 /* SecondViewController.swift in Sources */ = {isa = PBXBuildFile; fileRef = 3AB766E522AF864D004EEA22 /* SecondViewController.swift */; };
		3AB766E922AF864D004EEA22 /* Main.storyboard in Resources */ = {isa = PBXBuildFile; fileRef = 3AB766E722AF864D004EEA22 /* Main.storyboard */; };
		3AB766EB22AF864E004EEA22 /* Assets.xcassets in Resources */ = {isa = PBXBuildFile; fileRef = 3AB766EA22AF864E004EEA22 /* Assets.xcassets */; };
		3AB766EE22AF864E004EEA22 /* LaunchScreen.storyboard in Resources */ = {isa = PBXBuildFile; fileRef = 3AB766EC22AF864E004EEA22 /* LaunchScreen.storyboard */; };
		3AB766F922AF864E004EEA22 /* OurBudgetTests.swift in Sources */ = {isa = PBXBuildFile; fileRef = 3AB766F822AF864E004EEA22 /* OurBudgetTests.swift */; };
		3AB7670422AF864E004EEA22 /* OurBudgetUITests.swift in Sources */ = {isa = PBXBuildFile; fileRef = 3AB7670322AF864E004EEA22 /* OurBudgetUITests.swift */; };
		3AF1323F22BF6022005F44FE /* MainAssembly.swift in Sources */ = {isa = PBXBuildFile; fileRef = 3AF1323E22BF6022005F44FE /* MainAssembly.swift */; };
		3AF1324322BF6234005F44FE /* OverviewViewModel.swift in Sources */ = {isa = PBXBuildFile; fileRef = 3AF1324222BF6234005F44FE /* OverviewViewModel.swift */; };
		3AF1324622BF6D3B005F44FE /* Constants.swift in Sources */ = {isa = PBXBuildFile; fileRef = 3AF1324522BF6D3B005F44FE /* Constants.swift */; };
		3AF1324822C08CFA005F44FE /* Models.swift in Sources */ = {isa = PBXBuildFile; fileRef = 3AF1324722C08CFA005F44FE /* Models.swift */; };
		5269D90EF311B96606E3DCFA /* Pods_OurBudgetTests.framework in Frameworks */ = {isa = PBXBuildFile; fileRef = B1B8BA90D58C1E3A3DA6F101 /* Pods_OurBudgetTests.framework */; };
		75D0325D5D130D0FDB027EFE /* Pods_OurBudget.framework in Frameworks */ = {isa = PBXBuildFile; fileRef = 4EE76AA2D9A6845EE532C014 /* Pods_OurBudget.framework */; };
		F0E57B3174E12A0D1CCD7840 /* Pods_OurBudgetUITests.framework in Frameworks */ = {isa = PBXBuildFile; fileRef = 53D35B9336AA246B2536C0F3 /* Pods_OurBudgetUITests.framework */; };
/* End PBXBuildFile section */

/* Begin PBXContainerItemProxy section */
		3AB766F522AF864E004EEA22 /* PBXContainerItemProxy */ = {
			isa = PBXContainerItemProxy;
			containerPortal = 3AB766D622AF864D004EEA22 /* Project object */;
			proxyType = 1;
			remoteGlobalIDString = 3AB766DD22AF864D004EEA22;
			remoteInfo = OurBudget;
		};
		3AB7670022AF864E004EEA22 /* PBXContainerItemProxy */ = {
			isa = PBXContainerItemProxy;
			containerPortal = 3AB766D622AF864D004EEA22 /* Project object */;
			proxyType = 1;
			remoteGlobalIDString = 3AB766DD22AF864D004EEA22;
			remoteInfo = OurBudget;
		};
/* End PBXContainerItemProxy section */

/* Begin PBXFileReference section */
		0CB272D2D6E63C57898885C8 /* Pods-OurBudgetUITests.debug.xcconfig */ = {isa = PBXFileReference; includeInIndex = 1; lastKnownFileType = text.xcconfig; name = "Pods-OurBudgetUITests.debug.xcconfig"; path = "Pods/Target Support Files/Pods-OurBudgetUITests/Pods-OurBudgetUITests.debug.xcconfig"; sourceTree = "<group>"; };
		0DE3949CCC6475D2E77D09F4 /* Pods-OurBudget.release.xcconfig */ = {isa = PBXFileReference; includeInIndex = 1; lastKnownFileType = text.xcconfig; name = "Pods-OurBudget.release.xcconfig"; path = "Pods/Target Support Files/Pods-OurBudget/Pods-OurBudget.release.xcconfig"; sourceTree = "<group>"; };
		3A181BF922D8462E00711E49 /* DateExtensions.swift */ = {isa = PBXFileReference; lastKnownFileType = sourcecode.swift; path = DateExtensions.swift; sourceTree = "<group>"; };
		3A181BFB22D84F3A00711E49 /* DoubleExtensions.swift */ = {isa = PBXFileReference; lastKnownFileType = sourcecode.swift; path = DoubleExtensions.swift; sourceTree = "<group>"; };
		3A4629E522D6AAF600A81971 /* ViewControllerContainer.swift */ = {isa = PBXFileReference; lastKnownFileType = sourcecode.swift; path = ViewControllerContainer.swift; sourceTree = "<group>"; };
		3A4629E722D6B3A400A81971 /* UIView+IB.swift */ = {isa = PBXFileReference; lastKnownFileType = sourcecode.swift; path = "UIView+IB.swift"; sourceTree = "<group>"; };
		3A4629EA22D7107400A81971 /* Budget.storyboard */ = {isa = PBXFileReference; lastKnownFileType = file.storyboard; path = Budget.storyboard; sourceTree = "<group>"; };
		3A4629EC22D7109100A81971 /* BudgetViewController.swift */ = {isa = PBXFileReference; lastKnownFileType = sourcecode.swift; path = BudgetViewController.swift; sourceTree = "<group>"; };
		3A4629EE22D7109E00A81971 /* BudgetViewModel.swift */ = {isa = PBXFileReference; lastKnownFileType = sourcecode.swift; path = BudgetViewModel.swift; sourceTree = "<group>"; };
		3A4629F922D82EFC00A81971 /* RecentTransactionsCell.swift */ = {isa = PBXFileReference; fileEncoding = 4; lastKnownFileType = sourcecode.swift; path = RecentTransactionsCell.swift; sourceTree = "<group>"; };
		3A4629FA22D82EFC00A81971 /* RecentTransactionsViewController.swift */ = {isa = PBXFileReference; fileEncoding = 4; lastKnownFileType = sourcecode.swift; path = RecentTransactionsViewController.swift; sourceTree = "<group>"; };
		3A4629FB22D82EFC00A81971 /* RecentTransactions.storyboard */ = {isa = PBXFileReference; fileEncoding = 4; lastKnownFileType = file.storyboard; path = RecentTransactions.storyboard; sourceTree = "<group>"; };
		3A4629FC22D82EFC00A81971 /* RecentTransactionsViewModel.swift */ = {isa = PBXFileReference; fileEncoding = 4; lastKnownFileType = sourcecode.swift; path = RecentTransactionsViewModel.swift; sourceTree = "<group>"; };
		3A75407E22D4614D00E1C6A2 /* EntryViewController.swift */ = {isa = PBXFileReference; lastKnownFileType = sourcecode.swift; path = EntryViewController.swift; sourceTree = "<group>"; };
		3A75408022D461E000E1C6A2 /* EntryViewModel.swift */ = {isa = PBXFileReference; lastKnownFileType = sourcecode.swift; path = EntryViewModel.swift; sourceTree = "<group>"; };
		3A75408422D463C800E1C6A2 /* Entry.storyboard */ = {isa = PBXFileReference; lastKnownFileType = file.storyboard; path = Entry.storyboard; sourceTree = "<group>"; };
		3A75408822D46DCB00E1C6A2 /* SwiftGenStoryboards.swift */ = {isa = PBXFileReference; fileEncoding = 4; lastKnownFileType = sourcecode.swift; path = SwiftGenStoryboards.swift; sourceTree = "<group>"; };
		3A75408922D46DCB00E1C6A2 /* SwiftGenImages.swift */ = {isa = PBXFileReference; fileEncoding = 4; lastKnownFileType = sourcecode.swift; path = SwiftGenImages.swift; sourceTree = "<group>"; };
		3A75408A22D46DCB00E1C6A2 /* SwiftGenSegues.swift */ = {isa = PBXFileReference; fileEncoding = 4; lastKnownFileType = sourcecode.swift; path = SwiftGenSegues.swift; sourceTree = "<group>"; };
		3A75408E22D46DE000E1C6A2 /* Router.swift */ = {isa = PBXFileReference; lastKnownFileType = sourcecode.swift; path = Router.swift; sourceTree = "<group>"; };
		3A75409022D46E2600E1C6A2 /* NavigationOption.swift */ = {isa = PBXFileReference; lastKnownFileType = sourcecode.swift; path = NavigationOption.swift; sourceTree = "<group>"; };
		3A75409222D4702600E1C6A2 /* TransitionOptions.swift */ = {isa = PBXFileReference; lastKnownFileType = sourcecode.swift; path = TransitionOptions.swift; sourceTree = "<group>"; };
		3A95923B22B45F22000790DF /* GoogleService-Info.plist */ = {isa = PBXFileReference; fileEncoding = 4; lastKnownFileType = text.plist.xml; path = "GoogleService-Info.plist"; sourceTree = "<group>"; };
		3A99164B22D2B783006D1593 /* Overview.storyboard */ = {isa = PBXFileReference; fileEncoding = 4; lastKnownFileType = file.storyboard; path = Overview.storyboard; sourceTree = "<group>"; };
		3A99165222D2F9BA006D1593 /* Balances.storyboard */ = {isa = PBXFileReference; lastKnownFileType = file.storyboard; path = Balances.storyboard; sourceTree = "<group>"; };
		3A99165422D326ED006D1593 /* BalancesViewController.swift */ = {isa = PBXFileReference; lastKnownFileType = sourcecode.swift; path = BalancesViewController.swift; sourceTree = "<group>"; };
		3A99165622D327AB006D1593 /* BalancesViewModel.swift */ = {isa = PBXFileReference; lastKnownFileType = sourcecode.swift; path = BalancesViewModel.swift; sourceTree = "<group>"; };
		3AB766DE22AF864D004EEA22 /* OurBudget.app */ = {isa = PBXFileReference; explicitFileType = wrapper.application; includeInIndex = 0; path = OurBudget.app; sourceTree = BUILT_PRODUCTS_DIR; };
		3AB766E122AF864D004EEA22 /* AppDelegate.swift */ = {isa = PBXFileReference; lastKnownFileType = sourcecode.swift; path = AppDelegate.swift; sourceTree = "<group>"; };
		3AB766E322AF864D004EEA22 /* OverviewViewController.swift */ = {isa = PBXFileReference; lastKnownFileType = sourcecode.swift; path = OverviewViewController.swift; sourceTree = "<group>"; };
		3AB766E522AF864D004EEA22 /* SecondViewController.swift */ = {isa = PBXFileReference; lastKnownFileType = sourcecode.swift; path = SecondViewController.swift; sourceTree = "<group>"; };
		3AB766E822AF864D004EEA22 /* Base */ = {isa = PBXFileReference; lastKnownFileType = file.storyboard; name = Base; path = Base.lproj/Main.storyboard; sourceTree = "<group>"; };
		3AB766EA22AF864E004EEA22 /* Assets.xcassets */ = {isa = PBXFileReference; lastKnownFileType = folder.assetcatalog; path = Assets.xcassets; sourceTree = "<group>"; };
		3AB766ED22AF864E004EEA22 /* Base */ = {isa = PBXFileReference; lastKnownFileType = file.storyboard; name = Base; path = Base.lproj/LaunchScreen.storyboard; sourceTree = "<group>"; };
		3AB766EF22AF864E004EEA22 /* Info.plist */ = {isa = PBXFileReference; lastKnownFileType = text.plist.xml; path = Info.plist; sourceTree = "<group>"; };
		3AB766F422AF864E004EEA22 /* OurBudgetTests.xctest */ = {isa = PBXFileReference; explicitFileType = wrapper.cfbundle; includeInIndex = 0; path = OurBudgetTests.xctest; sourceTree = BUILT_PRODUCTS_DIR; };
		3AB766F822AF864E004EEA22 /* OurBudgetTests.swift */ = {isa = PBXFileReference; lastKnownFileType = sourcecode.swift; path = OurBudgetTests.swift; sourceTree = "<group>"; };
		3AB766FA22AF864E004EEA22 /* Info.plist */ = {isa = PBXFileReference; lastKnownFileType = text.plist.xml; path = Info.plist; sourceTree = "<group>"; };
		3AB766FF22AF864E004EEA22 /* OurBudgetUITests.xctest */ = {isa = PBXFileReference; explicitFileType = wrapper.cfbundle; includeInIndex = 0; path = OurBudgetUITests.xctest; sourceTree = BUILT_PRODUCTS_DIR; };
		3AB7670322AF864E004EEA22 /* OurBudgetUITests.swift */ = {isa = PBXFileReference; lastKnownFileType = sourcecode.swift; path = OurBudgetUITests.swift; sourceTree = "<group>"; };
		3AB7670522AF864E004EEA22 /* Info.plist */ = {isa = PBXFileReference; lastKnownFileType = text.plist.xml; path = Info.plist; sourceTree = "<group>"; };
		3AF1323E22BF6022005F44FE /* MainAssembly.swift */ = {isa = PBXFileReference; lastKnownFileType = sourcecode.swift; path = MainAssembly.swift; sourceTree = "<group>"; };
		3AF1324222BF6234005F44FE /* OverviewViewModel.swift */ = {isa = PBXFileReference; lastKnownFileType = sourcecode.swift; path = OverviewViewModel.swift; sourceTree = "<group>"; };
		3AF1324522BF6D3B005F44FE /* Constants.swift */ = {isa = PBXFileReference; lastKnownFileType = sourcecode.swift; path = Constants.swift; sourceTree = "<group>"; };
		3AF1324722C08CFA005F44FE /* Models.swift */ = {isa = PBXFileReference; lastKnownFileType = sourcecode.swift; path = Models.swift; sourceTree = "<group>"; };
		4EE76AA2D9A6845EE532C014 /* Pods_OurBudget.framework */ = {isa = PBXFileReference; explicitFileType = wrapper.framework; includeInIndex = 0; path = Pods_OurBudget.framework; sourceTree = BUILT_PRODUCTS_DIR; };
		53D35B9336AA246B2536C0F3 /* Pods_OurBudgetUITests.framework */ = {isa = PBXFileReference; explicitFileType = wrapper.framework; includeInIndex = 0; path = Pods_OurBudgetUITests.framework; sourceTree = BUILT_PRODUCTS_DIR; };
		8C15DA6746CA0C2DD0F0095C /* Pods-OurBudget.debug.xcconfig */ = {isa = PBXFileReference; includeInIndex = 1; lastKnownFileType = text.xcconfig; name = "Pods-OurBudget.debug.xcconfig"; path = "Pods/Target Support Files/Pods-OurBudget/Pods-OurBudget.debug.xcconfig"; sourceTree = "<group>"; };
		9051A97716EABAB65C05597E /* Pods-OurBudgetUITests.release.xcconfig */ = {isa = PBXFileReference; includeInIndex = 1; lastKnownFileType = text.xcconfig; name = "Pods-OurBudgetUITests.release.xcconfig"; path = "Pods/Target Support Files/Pods-OurBudgetUITests/Pods-OurBudgetUITests.release.xcconfig"; sourceTree = "<group>"; };
		B1B8BA90D58C1E3A3DA6F101 /* Pods_OurBudgetTests.framework */ = {isa = PBXFileReference; explicitFileType = wrapper.framework; includeInIndex = 0; path = Pods_OurBudgetTests.framework; sourceTree = BUILT_PRODUCTS_DIR; };
		B619F2DAEB0C6F2619586815 /* Pods-OurBudgetTests.debug.xcconfig */ = {isa = PBXFileReference; includeInIndex = 1; lastKnownFileType = text.xcconfig; name = "Pods-OurBudgetTests.debug.xcconfig"; path = "Pods/Target Support Files/Pods-OurBudgetTests/Pods-OurBudgetTests.debug.xcconfig"; sourceTree = "<group>"; };
		E3DA3CDAEB4773AF242A424D /* Pods-OurBudgetTests.release.xcconfig */ = {isa = PBXFileReference; includeInIndex = 1; lastKnownFileType = text.xcconfig; name = "Pods-OurBudgetTests.release.xcconfig"; path = "Pods/Target Support Files/Pods-OurBudgetTests/Pods-OurBudgetTests.release.xcconfig"; sourceTree = "<group>"; };
/* End PBXFileReference section */

/* Begin PBXFrameworksBuildPhase section */
		3AB766DB22AF864D004EEA22 /* Frameworks */ = {
			isa = PBXFrameworksBuildPhase;
			buildActionMask = 2147483647;
			files = (
				75D0325D5D130D0FDB027EFE /* Pods_OurBudget.framework in Frameworks */,
			);
			runOnlyForDeploymentPostprocessing = 0;
		};
		3AB766F122AF864E004EEA22 /* Frameworks */ = {
			isa = PBXFrameworksBuildPhase;
			buildActionMask = 2147483647;
			files = (
				5269D90EF311B96606E3DCFA /* Pods_OurBudgetTests.framework in Frameworks */,
			);
			runOnlyForDeploymentPostprocessing = 0;
		};
		3AB766FC22AF864E004EEA22 /* Frameworks */ = {
			isa = PBXFrameworksBuildPhase;
			buildActionMask = 2147483647;
			files = (
				F0E57B3174E12A0D1CCD7840 /* Pods_OurBudgetUITests.framework in Frameworks */,
			);
			runOnlyForDeploymentPostprocessing = 0;
		};
/* End PBXFrameworksBuildPhase section */

/* Begin PBXGroup section */
		17561C7E30B1DF339E7C4E3F /* Frameworks */ = {
			isa = PBXGroup;
			children = (
				4EE76AA2D9A6845EE532C014 /* Pods_OurBudget.framework */,
				B1B8BA90D58C1E3A3DA6F101 /* Pods_OurBudgetTests.framework */,
				53D35B9336AA246B2536C0F3 /* Pods_OurBudgetUITests.framework */,
			);
			name = Frameworks;
			sourceTree = "<group>";
		};
		3A4629E922D7106500A81971 /* Budget */ = {
			isa = PBXGroup;
			children = (
				3A4629EA22D7107400A81971 /* Budget.storyboard */,
				3A4629EC22D7109100A81971 /* BudgetViewController.swift */,
				3A4629EE22D7109E00A81971 /* BudgetViewModel.swift */,
			);
			path = Budget;
			sourceTree = "<group>";
		};
		3A4629F022D7CEF800A81971 /* Recent Transactions */ = {
			isa = PBXGroup;
			children = (
				3A4629F922D82EFC00A81971 /* RecentTransactionsCell.swift */,
				3A4629FA22D82EFC00A81971 /* RecentTransactionsViewController.swift */,
				3A4629FC22D82EFC00A81971 /* RecentTransactionsViewModel.swift */,
				3A4629FB22D82EFC00A81971 /* RecentTransactions.storyboard */,
			);
			path = "Recent Transactions";
			sourceTree = "<group>";
		};
		3A75407C22D460C500E1C6A2 /* New Group */ = {
			isa = PBXGroup;
			children = (
			);
			path = "New Group";
			sourceTree = "<group>";
		};
		3A75407D22D4613E00E1C6A2 /* Entry */ = {
			isa = PBXGroup;
			children = (
				3A75407E22D4614D00E1C6A2 /* EntryViewController.swift */,
				3A75408022D461E000E1C6A2 /* EntryViewModel.swift */,
				3A75408422D463C800E1C6A2 /* Entry.storyboard */,
			);
			path = Entry;
			sourceTree = "<group>";
		};
		3A75408722D46A5D00E1C6A2 /* SwiftGen */ = {
			isa = PBXGroup;
			children = (
				3A75408922D46DCB00E1C6A2 /* SwiftGenImages.swift */,
				3A75408A22D46DCB00E1C6A2 /* SwiftGenSegues.swift */,
				3A75408822D46DCB00E1C6A2 /* SwiftGenStoryboards.swift */,
			);
			path = SwiftGen;
			sourceTree = "<group>";
		};
		3A99164D22D2EEDE006D1593 /* Balances */ = {
			isa = PBXGroup;
			children = (
				3A99165222D2F9BA006D1593 /* Balances.storyboard */,
				3A99165422D326ED006D1593 /* BalancesViewController.swift */,
				3A99165622D327AB006D1593 /* BalancesViewModel.swift */,
			);
			path = Balances;
			sourceTree = "<group>";
		};
		3AB766D522AF864D004EEA22 = {
			isa = PBXGroup;
			children = (
				3AB766E022AF864D004EEA22 /* OurBudget */,
				3AB766F722AF864E004EEA22 /* OurBudgetTests */,
				3AB7670222AF864E004EEA22 /* OurBudgetUITests */,
				3AB766DF22AF864D004EEA22 /* Products */,
				8C43E599F4C41ADD4F781E73 /* Pods */,
				17561C7E30B1DF339E7C4E3F /* Frameworks */,
			);
			sourceTree = "<group>";
		};
		3AB766DF22AF864D004EEA22 /* Products */ = {
			isa = PBXGroup;
			children = (
				3AB766DE22AF864D004EEA22 /* OurBudget.app */,
				3AB766F422AF864E004EEA22 /* OurBudgetTests.xctest */,
				3AB766FF22AF864E004EEA22 /* OurBudgetUITests.xctest */,
			);
			name = Products;
			sourceTree = "<group>";
		};
		3AB766E022AF864D004EEA22 /* OurBudget */ = {
			isa = PBXGroup;
			children = (
				3A75407C22D460C500E1C6A2 /* New Group */,
				3AF1324022BF6200005F44FE /* Home */,
				3AF1323C22BF5FF3005F44FE /* Core */,
				3AF1324422BF6D27005F44FE /* Misc */,
				3AB766E122AF864D004EEA22 /* AppDelegate.swift */,
				3AB766E522AF864D004EEA22 /* SecondViewController.swift */,
				3AB766E722AF864D004EEA22 /* Main.storyboard */,
				3AB766EA22AF864E004EEA22 /* Assets.xcassets */,
				3AB766EC22AF864E004EEA22 /* LaunchScreen.storyboard */,
				3AB766EF22AF864E004EEA22 /* Info.plist */,
				3A95923B22B45F22000790DF /* GoogleService-Info.plist */,
			);
			path = OurBudget;
			sourceTree = "<group>";
		};
		3AB766F722AF864E004EEA22 /* OurBudgetTests */ = {
			isa = PBXGroup;
			children = (
				3AB766F822AF864E004EEA22 /* OurBudgetTests.swift */,
				3AB766FA22AF864E004EEA22 /* Info.plist */,
			);
			path = OurBudgetTests;
			sourceTree = "<group>";
		};
		3AB7670222AF864E004EEA22 /* OurBudgetUITests */ = {
			isa = PBXGroup;
			children = (
				3AB7670322AF864E004EEA22 /* OurBudgetUITests.swift */,
				3AB7670522AF864E004EEA22 /* Info.plist */,
			);
			path = OurBudgetUITests;
			sourceTree = "<group>";
		};
		3AF1323C22BF5FF3005F44FE /* Core */ = {
			isa = PBXGroup;
			children = (
				3AF1323D22BF5FFD005F44FE /* DI */,
				3A75408E22D46DE000E1C6A2 /* Router.swift */,
				3A75409022D46E2600E1C6A2 /* NavigationOption.swift */,
			);
			path = Core;
			sourceTree = "<group>";
		};
		3AF1323D22BF5FFD005F44FE /* DI */ = {
			isa = PBXGroup;
			children = (
				3AF1323E22BF6022005F44FE /* MainAssembly.swift */,
			);
			path = DI;
			sourceTree = "<group>";
		};
		3AF1324022BF6200005F44FE /* Home */ = {
			isa = PBXGroup;
			children = (
				3A75407D22D4613E00E1C6A2 /* Entry */,
				3AF1324122BF6207005F44FE /* Overview */,
			);
			path = Home;
			sourceTree = "<group>";
		};
		3AF1324122BF6207005F44FE /* Overview */ = {
			isa = PBXGroup;
			children = (
				3A4629F022D7CEF800A81971 /* Recent Transactions */,
				3A4629E922D7106500A81971 /* Budget */,
				3A99164D22D2EEDE006D1593 /* Balances */,
				3A99164B22D2B783006D1593 /* Overview.storyboard */,
				3AB766E322AF864D004EEA22 /* OverviewViewController.swift */,
				3AF1324222BF6234005F44FE /* OverviewViewModel.swift */,
				3AF1324722C08CFA005F44FE /* Models.swift */,
			);
			path = Overview;
			sourceTree = "<group>";
		};
		3AF1324422BF6D27005F44FE /* Misc */ = {
			isa = PBXGroup;
			children = (
				3A75408722D46A5D00E1C6A2 /* SwiftGen */,
				3AF1324522BF6D3B005F44FE /* Constants.swift */,
				3A75409222D4702600E1C6A2 /* TransitionOptions.swift */,
				3A4629E522D6AAF600A81971 /* ViewControllerContainer.swift */,
				3A4629E722D6B3A400A81971 /* UIView+IB.swift */,
				3A181BF922D8462E00711E49 /* DateExtensions.swift */,
				3A181BFB22D84F3A00711E49 /* DoubleExtensions.swift */,
			);
			path = Misc;
			sourceTree = "<group>";
		};
		8C43E599F4C41ADD4F781E73 /* Pods */ = {
			isa = PBXGroup;
			children = (
				8C15DA6746CA0C2DD0F0095C /* Pods-OurBudget.debug.xcconfig */,
				0DE3949CCC6475D2E77D09F4 /* Pods-OurBudget.release.xcconfig */,
				B619F2DAEB0C6F2619586815 /* Pods-OurBudgetTests.debug.xcconfig */,
				E3DA3CDAEB4773AF242A424D /* Pods-OurBudgetTests.release.xcconfig */,
				0CB272D2D6E63C57898885C8 /* Pods-OurBudgetUITests.debug.xcconfig */,
				9051A97716EABAB65C05597E /* Pods-OurBudgetUITests.release.xcconfig */,
			);
			name = Pods;
			sourceTree = "<group>";
		};
/* End PBXGroup section */

/* Begin PBXNativeTarget section */
		3AB766DD22AF864D004EEA22 /* OurBudget */ = {
			isa = PBXNativeTarget;
			buildConfigurationList = 3AB7670822AF864E004EEA22 /* Build configuration list for PBXNativeTarget "OurBudget" */;
			buildPhases = (
				2A65A9545D25C35F45BE263F /* [CP] Check Pods Manifest.lock */,
				3A75408622D4694D00E1C6A2 /* SwiftGen */,
				3AB766DA22AF864D004EEA22 /* Sources */,
				3AB766DB22AF864D004EEA22 /* Frameworks */,
				3AB766DC22AF864D004EEA22 /* Resources */,
				0282A685AB2EA0F0201407C5 /* [CP] Embed Pods Frameworks */,
				3A6B30AD22B0DBFD0088FB53 /* LinkKit distribution  */,
				F85DFF6BE0587176D63D1A1A /* [CP] Copy Pods Resources */,
			);
			buildRules = (
			);
			dependencies = (
			);
			name = OurBudget;
			productName = OurBudget;
			productReference = 3AB766DE22AF864D004EEA22 /* OurBudget.app */;
			productType = "com.apple.product-type.application";
		};
		3AB766F322AF864E004EEA22 /* OurBudgetTests */ = {
			isa = PBXNativeTarget;
			buildConfigurationList = 3AB7670B22AF864E004EEA22 /* Build configuration list for PBXNativeTarget "OurBudgetTests" */;
			buildPhases = (
				EA926C5AFE365AC865EC3C95 /* [CP] Check Pods Manifest.lock */,
				3AB766F022AF864E004EEA22 /* Sources */,
				3AB766F122AF864E004EEA22 /* Frameworks */,
				3AB766F222AF864E004EEA22 /* Resources */,
			);
			buildRules = (
			);
			dependencies = (
				3AB766F622AF864E004EEA22 /* PBXTargetDependency */,
			);
			name = OurBudgetTests;
			productName = OurBudgetTests;
			productReference = 3AB766F422AF864E004EEA22 /* OurBudgetTests.xctest */;
			productType = "com.apple.product-type.bundle.unit-test";
		};
		3AB766FE22AF864E004EEA22 /* OurBudgetUITests */ = {
			isa = PBXNativeTarget;
			buildConfigurationList = 3AB7670E22AF864E004EEA22 /* Build configuration list for PBXNativeTarget "OurBudgetUITests" */;
			buildPhases = (
				24957D476C72305A99B46CA9 /* [CP] Check Pods Manifest.lock */,
				3AB766FB22AF864E004EEA22 /* Sources */,
				3AB766FC22AF864E004EEA22 /* Frameworks */,
				3AB766FD22AF864E004EEA22 /* Resources */,
			);
			buildRules = (
			);
			dependencies = (
				3AB7670122AF864E004EEA22 /* PBXTargetDependency */,
			);
			name = OurBudgetUITests;
			productName = OurBudgetUITests;
			productReference = 3AB766FF22AF864E004EEA22 /* OurBudgetUITests.xctest */;
			productType = "com.apple.product-type.bundle.ui-testing";
		};
/* End PBXNativeTarget section */

/* Begin PBXProject section */
		3AB766D622AF864D004EEA22 /* Project object */ = {
			isa = PBXProject;
			attributes = {
				LastSwiftUpdateCheck = 1020;
				LastUpgradeCheck = 1020;
				ORGANIZATIONNAME = "Anton Bredykhin";
				TargetAttributes = {
					3AB766DD22AF864D004EEA22 = {
						CreatedOnToolsVersion = 10.2.1;
					};
					3AB766F322AF864E004EEA22 = {
						CreatedOnToolsVersion = 10.2.1;
						TestTargetID = 3AB766DD22AF864D004EEA22;
					};
					3AB766FE22AF864E004EEA22 = {
						CreatedOnToolsVersion = 10.2.1;
						TestTargetID = 3AB766DD22AF864D004EEA22;
					};
				};
			};
			buildConfigurationList = 3AB766D922AF864D004EEA22 /* Build configuration list for PBXProject "OurBudget" */;
			compatibilityVersion = "Xcode 9.3";
			developmentRegion = en;
			hasScannedForEncodings = 0;
			knownRegions = (
				en,
				Base,
			);
			mainGroup = 3AB766D522AF864D004EEA22;
			productRefGroup = 3AB766DF22AF864D004EEA22 /* Products */;
			projectDirPath = "";
			projectRoot = "";
			targets = (
				3AB766DD22AF864D004EEA22 /* OurBudget */,
				3AB766F322AF864E004EEA22 /* OurBudgetTests */,
				3AB766FE22AF864E004EEA22 /* OurBudgetUITests */,
			);
		};
/* End PBXProject section */

/* Begin PBXResourcesBuildPhase section */
		3AB766DC22AF864D004EEA22 /* Resources */ = {
			isa = PBXResourcesBuildPhase;
			buildActionMask = 2147483647;
			files = (
				3A4629FF22D82EFC00A81971 /* RecentTransactions.storyboard in Resources */,
				3A75408522D463C800E1C6A2 /* Entry.storyboard in Resources */,
				3AB766EE22AF864E004EEA22 /* LaunchScreen.storyboard in Resources */,
				3A95923C22B45F22000790DF /* GoogleService-Info.plist in Resources */,
				3A4629EB22D7107400A81971 /* Budget.storyboard in Resources */,
				3AB766EB22AF864E004EEA22 /* Assets.xcassets in Resources */,
				3A99164C22D2B783006D1593 /* Overview.storyboard in Resources */,
				3AB766E922AF864D004EEA22 /* Main.storyboard in Resources */,
				3A99165322D2F9BA006D1593 /* Balances.storyboard in Resources */,
			);
			runOnlyForDeploymentPostprocessing = 0;
		};
		3AB766F222AF864E004EEA22 /* Resources */ = {
			isa = PBXResourcesBuildPhase;
			buildActionMask = 2147483647;
			files = (
			);
			runOnlyForDeploymentPostprocessing = 0;
		};
		3AB766FD22AF864E004EEA22 /* Resources */ = {
			isa = PBXResourcesBuildPhase;
			buildActionMask = 2147483647;
			files = (
			);
			runOnlyForDeploymentPostprocessing = 0;
		};
/* End PBXResourcesBuildPhase section */

/* Begin PBXShellScriptBuildPhase section */
		0282A685AB2EA0F0201407C5 /* [CP] Embed Pods Frameworks */ = {
			isa = PBXShellScriptBuildPhase;
			buildActionMask = 2147483647;
			files = (
			);
			inputFileListPaths = (
				"${PODS_ROOT}/Target Support Files/Pods-OurBudget/Pods-OurBudget-frameworks-${CONFIGURATION}-input-files.xcfilelist",
			);
			name = "[CP] Embed Pods Frameworks";
			outputFileListPaths = (
				"${PODS_ROOT}/Target Support Files/Pods-OurBudget/Pods-OurBudget-frameworks-${CONFIGURATION}-output-files.xcfilelist",
			);
			runOnlyForDeploymentPostprocessing = 0;
			shellPath = /bin/sh;
			shellScript = "\"${PODS_ROOT}/Target Support Files/Pods-OurBudget/Pods-OurBudget-frameworks.sh\"\n";
			showEnvVarsInLog = 0;
		};
		24957D476C72305A99B46CA9 /* [CP] Check Pods Manifest.lock */ = {
			isa = PBXShellScriptBuildPhase;
			buildActionMask = 2147483647;
			files = (
			);
			inputFileListPaths = (
			);
			inputPaths = (
				"${PODS_PODFILE_DIR_PATH}/Podfile.lock",
				"${PODS_ROOT}/Manifest.lock",
			);
			name = "[CP] Check Pods Manifest.lock";
			outputFileListPaths = (
			);
			outputPaths = (
				"$(DERIVED_FILE_DIR)/Pods-OurBudgetUITests-checkManifestLockResult.txt",
			);
			runOnlyForDeploymentPostprocessing = 0;
			shellPath = /bin/sh;
			shellScript = "diff \"${PODS_PODFILE_DIR_PATH}/Podfile.lock\" \"${PODS_ROOT}/Manifest.lock\" > /dev/null\nif [ $? != 0 ] ; then\n    # print error to STDERR\n    echo \"error: The sandbox is not in sync with the Podfile.lock. Run 'pod install' or update your CocoaPods installation.\" >&2\n    exit 1\nfi\n# This output is used by Xcode 'outputs' to avoid re-running this script phase.\necho \"SUCCESS\" > \"${SCRIPT_OUTPUT_FILE_0}\"\n";
			showEnvVarsInLog = 0;
		};
		2A65A9545D25C35F45BE263F /* [CP] Check Pods Manifest.lock */ = {
			isa = PBXShellScriptBuildPhase;
			buildActionMask = 2147483647;
			files = (
			);
			inputFileListPaths = (
			);
			inputPaths = (
				"${PODS_PODFILE_DIR_PATH}/Podfile.lock",
				"${PODS_ROOT}/Manifest.lock",
			);
			name = "[CP] Check Pods Manifest.lock";
			outputFileListPaths = (
			);
			outputPaths = (
				"$(DERIVED_FILE_DIR)/Pods-OurBudget-checkManifestLockResult.txt",
			);
			runOnlyForDeploymentPostprocessing = 0;
			shellPath = /bin/sh;
			shellScript = "diff \"${PODS_PODFILE_DIR_PATH}/Podfile.lock\" \"${PODS_ROOT}/Manifest.lock\" > /dev/null\nif [ $? != 0 ] ; then\n    # print error to STDERR\n    echo \"error: The sandbox is not in sync with the Podfile.lock. Run 'pod install' or update your CocoaPods installation.\" >&2\n    exit 1\nfi\n# This output is used by Xcode 'outputs' to avoid re-running this script phase.\necho \"SUCCESS\" > \"${SCRIPT_OUTPUT_FILE_0}\"\n";
			showEnvVarsInLog = 0;
		};
		3A6B30AD22B0DBFD0088FB53 /* LinkKit distribution  */ = {
			isa = PBXShellScriptBuildPhase;
			buildActionMask = 2147483647;
			files = (
			);
			inputFileListPaths = (
			);
			inputPaths = (
			);
			name = "LinkKit distribution ";
			outputFileListPaths = (
			);
			outputPaths = (
			);
			runOnlyForDeploymentPostprocessing = 0;
			shellPath = /bin/sh;
			shellScript = "\nLINK_ROOT=${PODS_ROOT:+$PODS_ROOT/Plaid/ios}\ncp \"${LINK_ROOT:-$PROJECT_DIR}\"/LinkKit.framework/prepare_for_distribution.sh \"${CODESIGNING_FOLDER_PATH}\"/Frameworks/LinkKit.framework/prepare_for_distribution.sh\n\"${CODESIGNING_FOLDER_PATH}\"/Frameworks/LinkKit.framework/prepare_for_distribution.sh\n\n";
		};
		3A75408622D4694D00E1C6A2 /* SwiftGen */ = {
			isa = PBXShellScriptBuildPhase;
			buildActionMask = 2147483647;
			files = (
			);
			inputFileListPaths = (
			);
			inputPaths = (
			);
			name = SwiftGen;
			outputFileListPaths = (
			);
			outputPaths = (
			);
			runOnlyForDeploymentPostprocessing = 0;
			shellPath = /bin/sh;
			shellScript = "# Type a script or drag a script file from your workspace to insert its path.\n$PODS_ROOT/SwiftGen/bin/swiftgen ib -t scenes-swift4 --param ignoreTargetModule -o $SRCROOT/OurBudget/Misc/SwiftGen/SwiftGenStoryboards.swift $SRCROOT/OurBudget\n$PODS_ROOT/SwiftGen/bin/swiftgen ib -t segues-swift4 -o $SRCROOT/OurBudget/Misc/SwiftGen/SwiftGenSegues.swift $SRCROOT/OurBudget\n$PODS_ROOT/SwiftGen/bin/swiftgen xcassets -t swift4 -o $SRCROOT/OurBudget/Misc/SwiftGen/SwiftGenImages.swift $SRCROOT/OurBudget/Assets.xcassets\n";
		};
		EA926C5AFE365AC865EC3C95 /* [CP] Check Pods Manifest.lock */ = {
			isa = PBXShellScriptBuildPhase;
			buildActionMask = 2147483647;
			files = (
			);
			inputFileListPaths = (
			);
			inputPaths = (
				"${PODS_PODFILE_DIR_PATH}/Podfile.lock",
				"${PODS_ROOT}/Manifest.lock",
			);
			name = "[CP] Check Pods Manifest.lock";
			outputFileListPaths = (
			);
			outputPaths = (
				"$(DERIVED_FILE_DIR)/Pods-OurBudgetTests-checkManifestLockResult.txt",
			);
			runOnlyForDeploymentPostprocessing = 0;
			shellPath = /bin/sh;
			shellScript = "diff \"${PODS_PODFILE_DIR_PATH}/Podfile.lock\" \"${PODS_ROOT}/Manifest.lock\" > /dev/null\nif [ $? != 0 ] ; then\n    # print error to STDERR\n    echo \"error: The sandbox is not in sync with the Podfile.lock. Run 'pod install' or update your CocoaPods installation.\" >&2\n    exit 1\nfi\n# This output is used by Xcode 'outputs' to avoid re-running this script phase.\necho \"SUCCESS\" > \"${SCRIPT_OUTPUT_FILE_0}\"\n";
			showEnvVarsInLog = 0;
		};
		F85DFF6BE0587176D63D1A1A /* [CP] Copy Pods Resources */ = {
			isa = PBXShellScriptBuildPhase;
			buildActionMask = 2147483647;
			files = (
			);
			inputFileListPaths = (
				"${PODS_ROOT}/Target Support Files/Pods-OurBudget/Pods-OurBudget-resources-${CONFIGURATION}-input-files.xcfilelist",
			);
			name = "[CP] Copy Pods Resources";
			outputFileListPaths = (
				"${PODS_ROOT}/Target Support Files/Pods-OurBudget/Pods-OurBudget-resources-${CONFIGURATION}-output-files.xcfilelist",
			);
			runOnlyForDeploymentPostprocessing = 0;
			shellPath = /bin/sh;
			shellScript = "\"${PODS_ROOT}/Target Support Files/Pods-OurBudget/Pods-OurBudget-resources.sh\"\n";
			showEnvVarsInLog = 0;
		};
/* End PBXShellScriptBuildPhase section */

/* Begin PBXSourcesBuildPhase section */
		3AB766DA22AF864D004EEA22 /* Sources */ = {
			isa = PBXSourcesBuildPhase;
			buildActionMask = 2147483647;
			files = (
				3AB766E622AF864D004EEA22 /* SecondViewController.swift in Sources */,
				3AB766E222AF864D004EEA22 /* AppDelegate.swift in Sources */,
				3AF1323F22BF6022005F44FE /* MainAssembly.swift in Sources */,
				3A462A0022D82EFC00A81971 /* RecentTransactionsViewModel.swift in Sources */,
				3A75408B22D46DCB00E1C6A2 /* SwiftGenStoryboards.swift in Sources */,
				3AF1324322BF6234005F44FE /* OverviewViewModel.swift in Sources */,
				3A99165722D327AB006D1593 /* BalancesViewModel.swift in Sources */,
				3A75408C22D46DCB00E1C6A2 /* SwiftGenImages.swift in Sources */,
				3A4629ED22D7109100A81971 /* BudgetViewController.swift in Sources */,
				3A75408F22D46DE000E1C6A2 /* Router.swift in Sources */,
				3A4629EF22D7109E00A81971 /* BudgetViewModel.swift in Sources */,
				3A181BFA22D8462E00711E49 /* DateExtensions.swift in Sources */,
				3A75408122D461E000E1C6A2 /* EntryViewModel.swift in Sources */,
				3AB766E422AF864D004EEA22 /* OverviewViewController.swift in Sources */,
				3A4629FE22D82EFC00A81971 /* RecentTransactionsViewController.swift in Sources */,
				3A75409122D46E2600E1C6A2 /* NavigationOption.swift in Sources */,
				3AF1324622BF6D3B005F44FE /* Constants.swift in Sources */,
				3A4629E622D6AAF600A81971 /* ViewControllerContainer.swift in Sources */,
				3A75407F22D4614D00E1C6A2 /* EntryViewController.swift in Sources */,
				3AF1324822C08CFA005F44FE /* Models.swift in Sources */,
				3A75409322D4702600E1C6A2 /* TransitionOptions.swift in Sources */,
				3A75408D22D46DCB00E1C6A2 /* SwiftGenSegues.swift in Sources */,
				3A4629E822D6B3A400A81971 /* UIView+IB.swift in Sources */,
				3A4629FD22D82EFC00A81971 /* RecentTransactionsCell.swift in Sources */,
				3A181BFC22D84F3A00711E49 /* DoubleExtensions.swift in Sources */,
				3A99165522D326ED006D1593 /* BalancesViewController.swift in Sources */,
			);
			runOnlyForDeploymentPostprocessing = 0;
		};
		3AB766F022AF864E004EEA22 /* Sources */ = {
			isa = PBXSourcesBuildPhase;
			buildActionMask = 2147483647;
			files = (
				3AB766F922AF864E004EEA22 /* OurBudgetTests.swift in Sources */,
			);
			runOnlyForDeploymentPostprocessing = 0;
		};
		3AB766FB22AF864E004EEA22 /* Sources */ = {
			isa = PBXSourcesBuildPhase;
			buildActionMask = 2147483647;
			files = (
				3AB7670422AF864E004EEA22 /* OurBudgetUITests.swift in Sources */,
			);
			runOnlyForDeploymentPostprocessing = 0;
		};
/* End PBXSourcesBuildPhase section */

/* Begin PBXTargetDependency section */
		3AB766F622AF864E004EEA22 /* PBXTargetDependency */ = {
			isa = PBXTargetDependency;
			target = 3AB766DD22AF864D004EEA22 /* OurBudget */;
			targetProxy = 3AB766F522AF864E004EEA22 /* PBXContainerItemProxy */;
		};
		3AB7670122AF864E004EEA22 /* PBXTargetDependency */ = {
			isa = PBXTargetDependency;
			target = 3AB766DD22AF864D004EEA22 /* OurBudget */;
			targetProxy = 3AB7670022AF864E004EEA22 /* PBXContainerItemProxy */;
		};
/* End PBXTargetDependency section */

/* Begin PBXVariantGroup section */
		3AB766E722AF864D004EEA22 /* Main.storyboard */ = {
			isa = PBXVariantGroup;
			children = (
				3AB766E822AF864D004EEA22 /* Base */,
			);
			name = Main.storyboard;
			sourceTree = "<group>";
		};
		3AB766EC22AF864E004EEA22 /* LaunchScreen.storyboard */ = {
			isa = PBXVariantGroup;
			children = (
				3AB766ED22AF864E004EEA22 /* Base */,
			);
			name = LaunchScreen.storyboard;
			sourceTree = "<group>";
		};
/* End PBXVariantGroup section */

/* Begin XCBuildConfiguration section */
		3AB7670622AF864E004EEA22 /* Debug */ = {
			isa = XCBuildConfiguration;
			buildSettings = {
				ALWAYS_SEARCH_USER_PATHS = NO;
				CLANG_ANALYZER_NONNULL = YES;
				CLANG_ANALYZER_NUMBER_OBJECT_CONVERSION = YES_AGGRESSIVE;
				CLANG_CXX_LANGUAGE_STANDARD = "gnu++14";
				CLANG_CXX_LIBRARY = "libc++";
				CLANG_ENABLE_MODULES = YES;
				CLANG_ENABLE_OBJC_ARC = YES;
				CLANG_ENABLE_OBJC_WEAK = YES;
				CLANG_WARN_BLOCK_CAPTURE_AUTORELEASING = YES;
				CLANG_WARN_BOOL_CONVERSION = YES;
				CLANG_WARN_COMMA = YES;
				CLANG_WARN_CONSTANT_CONVERSION = YES;
				CLANG_WARN_DEPRECATED_OBJC_IMPLEMENTATIONS = YES;
				CLANG_WARN_DIRECT_OBJC_ISA_USAGE = YES_ERROR;
				CLANG_WARN_DOCUMENTATION_COMMENTS = YES;
				CLANG_WARN_EMPTY_BODY = YES;
				CLANG_WARN_ENUM_CONVERSION = YES;
				CLANG_WARN_INFINITE_RECURSION = YES;
				CLANG_WARN_INT_CONVERSION = YES;
				CLANG_WARN_NON_LITERAL_NULL_CONVERSION = YES;
				CLANG_WARN_OBJC_IMPLICIT_RETAIN_SELF = YES;
				CLANG_WARN_OBJC_LITERAL_CONVERSION = YES;
				CLANG_WARN_OBJC_ROOT_CLASS = YES_ERROR;
				CLANG_WARN_RANGE_LOOP_ANALYSIS = YES;
				CLANG_WARN_STRICT_PROTOTYPES = YES;
				CLANG_WARN_SUSPICIOUS_MOVE = YES;
				CLANG_WARN_UNGUARDED_AVAILABILITY = YES_AGGRESSIVE;
				CLANG_WARN_UNREACHABLE_CODE = YES;
				CLANG_WARN__DUPLICATE_METHOD_MATCH = YES;
				CODE_SIGN_IDENTITY = "iPhone Developer";
				COPY_PHASE_STRIP = NO;
				DEBUG_INFORMATION_FORMAT = dwarf;
				ENABLE_STRICT_OBJC_MSGSEND = YES;
				ENABLE_TESTABILITY = YES;
				GCC_C_LANGUAGE_STANDARD = gnu11;
				GCC_DYNAMIC_NO_PIC = NO;
				GCC_NO_COMMON_BLOCKS = YES;
				GCC_OPTIMIZATION_LEVEL = 0;
				GCC_PREPROCESSOR_DEFINITIONS = (
					"DEBUG=1",
					"$(inherited)",
				);
				GCC_WARN_64_TO_32_BIT_CONVERSION = YES;
				GCC_WARN_ABOUT_RETURN_TYPE = YES_ERROR;
				GCC_WARN_UNDECLARED_SELECTOR = YES;
				GCC_WARN_UNINITIALIZED_AUTOS = YES_AGGRESSIVE;
				GCC_WARN_UNUSED_FUNCTION = YES;
				GCC_WARN_UNUSED_VARIABLE = YES;
				IPHONEOS_DEPLOYMENT_TARGET = 12.2;
				MTL_ENABLE_DEBUG_INFO = INCLUDE_SOURCE;
				MTL_FAST_MATH = YES;
				ONLY_ACTIVE_ARCH = YES;
				SDKROOT = iphoneos;
				SWIFT_ACTIVE_COMPILATION_CONDITIONS = DEBUG;
				SWIFT_OPTIMIZATION_LEVEL = "-Onone";
			};
			name = Debug;
		};
		3AB7670722AF864E004EEA22 /* Release */ = {
			isa = XCBuildConfiguration;
			buildSettings = {
				ALWAYS_SEARCH_USER_PATHS = NO;
				CLANG_ANALYZER_NONNULL = YES;
				CLANG_ANALYZER_NUMBER_OBJECT_CONVERSION = YES_AGGRESSIVE;
				CLANG_CXX_LANGUAGE_STANDARD = "gnu++14";
				CLANG_CXX_LIBRARY = "libc++";
				CLANG_ENABLE_MODULES = YES;
				CLANG_ENABLE_OBJC_ARC = YES;
				CLANG_ENABLE_OBJC_WEAK = YES;
				CLANG_WARN_BLOCK_CAPTURE_AUTORELEASING = YES;
				CLANG_WARN_BOOL_CONVERSION = YES;
				CLANG_WARN_COMMA = YES;
				CLANG_WARN_CONSTANT_CONVERSION = YES;
				CLANG_WARN_DEPRECATED_OBJC_IMPLEMENTATIONS = YES;
				CLANG_WARN_DIRECT_OBJC_ISA_USAGE = YES_ERROR;
				CLANG_WARN_DOCUMENTATION_COMMENTS = YES;
				CLANG_WARN_EMPTY_BODY = YES;
				CLANG_WARN_ENUM_CONVERSION = YES;
				CLANG_WARN_INFINITE_RECURSION = YES;
				CLANG_WARN_INT_CONVERSION = YES;
				CLANG_WARN_NON_LITERAL_NULL_CONVERSION = YES;
				CLANG_WARN_OBJC_IMPLICIT_RETAIN_SELF = YES;
				CLANG_WARN_OBJC_LITERAL_CONVERSION = YES;
				CLANG_WARN_OBJC_ROOT_CLASS = YES_ERROR;
				CLANG_WARN_RANGE_LOOP_ANALYSIS = YES;
				CLANG_WARN_STRICT_PROTOTYPES = YES;
				CLANG_WARN_SUSPICIOUS_MOVE = YES;
				CLANG_WARN_UNGUARDED_AVAILABILITY = YES_AGGRESSIVE;
				CLANG_WARN_UNREACHABLE_CODE = YES;
				CLANG_WARN__DUPLICATE_METHOD_MATCH = YES;
				CODE_SIGN_IDENTITY = "iPhone Developer";
				COPY_PHASE_STRIP = NO;
				DEBUG_INFORMATION_FORMAT = "dwarf-with-dsym";
				ENABLE_NS_ASSERTIONS = NO;
				ENABLE_STRICT_OBJC_MSGSEND = YES;
				GCC_C_LANGUAGE_STANDARD = gnu11;
				GCC_NO_COMMON_BLOCKS = YES;
				GCC_WARN_64_TO_32_BIT_CONVERSION = YES;
				GCC_WARN_ABOUT_RETURN_TYPE = YES_ERROR;
				GCC_WARN_UNDECLARED_SELECTOR = YES;
				GCC_WARN_UNINITIALIZED_AUTOS = YES_AGGRESSIVE;
				GCC_WARN_UNUSED_FUNCTION = YES;
				GCC_WARN_UNUSED_VARIABLE = YES;
				IPHONEOS_DEPLOYMENT_TARGET = 12.2;
				MTL_ENABLE_DEBUG_INFO = NO;
				MTL_FAST_MATH = YES;
				SDKROOT = iphoneos;
				SWIFT_COMPILATION_MODE = wholemodule;
				SWIFT_OPTIMIZATION_LEVEL = "-O";
				VALIDATE_PRODUCT = YES;
			};
			name = Release;
		};
		3AB7670922AF864E004EEA22 /* Debug */ = {
			isa = XCBuildConfiguration;
			baseConfigurationReference = 8C15DA6746CA0C2DD0F0095C /* Pods-OurBudget.debug.xcconfig */;
			buildSettings = {
				ASSETCATALOG_COMPILER_APPICON_NAME = AppIcon;
				CODE_SIGN_STYLE = Automatic;
				DEVELOPMENT_TEAM = 7TZFJZHHX2;
				INFOPLIST_FILE = OurBudget/Info.plist;
				LD_RUNPATH_SEARCH_PATHS = (
					"$(inherited)",
					"@executable_path/Frameworks",
				);
				PRODUCT_BUNDLE_IDENTIFIER = com.bredykhin.OurBudget;
				PRODUCT_NAME = "$(TARGET_NAME)";
				SWIFT_VERSION = 5.0;
				TARGETED_DEVICE_FAMILY = "1,2";
			};
			name = Debug;
		};
		3AB7670A22AF864E004EEA22 /* Release */ = {
			isa = XCBuildConfiguration;
			baseConfigurationReference = 0DE3949CCC6475D2E77D09F4 /* Pods-OurBudget.release.xcconfig */;
			buildSettings = {
				ASSETCATALOG_COMPILER_APPICON_NAME = AppIcon;
				CODE_SIGN_STYLE = Automatic;
				DEVELOPMENT_TEAM = 7TZFJZHHX2;
				INFOPLIST_FILE = OurBudget/Info.plist;
				LD_RUNPATH_SEARCH_PATHS = (
					"$(inherited)",
					"@executable_path/Frameworks",
				);
				PRODUCT_BUNDLE_IDENTIFIER = com.bredykhin.OurBudget;
				PRODUCT_NAME = "$(TARGET_NAME)";
				SWIFT_VERSION = 5.0;
				TARGETED_DEVICE_FAMILY = "1,2";
			};
			name = Release;
		};
		3AB7670C22AF864E004EEA22 /* Debug */ = {
			isa = XCBuildConfiguration;
			baseConfigurationReference = B619F2DAEB0C6F2619586815 /* Pods-OurBudgetTests.debug.xcconfig */;
			buildSettings = {
				ALWAYS_EMBED_SWIFT_STANDARD_LIBRARIES = YES;
				BUNDLE_LOADER = "$(TEST_HOST)";
				CODE_SIGN_STYLE = Automatic;
				DEVELOPMENT_TEAM = 35JZD57LU6;
				INFOPLIST_FILE = OurBudgetTests/Info.plist;
				LD_RUNPATH_SEARCH_PATHS = (
					"$(inherited)",
					"@executable_path/Frameworks",
					"@loader_path/Frameworks",
				);
				PRODUCT_BUNDLE_IDENTIFIER = com.bredykhin.OurBudgetTests;
				PRODUCT_NAME = "$(TARGET_NAME)";
				SWIFT_VERSION = 5.0;
				TARGETED_DEVICE_FAMILY = "1,2";
				TEST_HOST = "$(BUILT_PRODUCTS_DIR)/OurBudget.app/OurBudget";
			};
			name = Debug;
		};
		3AB7670D22AF864E004EEA22 /* Release */ = {
			isa = XCBuildConfiguration;
			baseConfigurationReference = E3DA3CDAEB4773AF242A424D /* Pods-OurBudgetTests.release.xcconfig */;
			buildSettings = {
				ALWAYS_EMBED_SWIFT_STANDARD_LIBRARIES = YES;
				BUNDLE_LOADER = "$(TEST_HOST)";
				CODE_SIGN_STYLE = Automatic;
				DEVELOPMENT_TEAM = 35JZD57LU6;
				INFOPLIST_FILE = OurBudgetTests/Info.plist;
				LD_RUNPATH_SEARCH_PATHS = (
					"$(inherited)",
					"@executable_path/Frameworks",
					"@loader_path/Frameworks",
				);
				PRODUCT_BUNDLE_IDENTIFIER = com.bredykhin.OurBudgetTests;
				PRODUCT_NAME = "$(TARGET_NAME)";
				SWIFT_VERSION = 5.0;
				TARGETED_DEVICE_FAMILY = "1,2";
				TEST_HOST = "$(BUILT_PRODUCTS_DIR)/OurBudget.app/OurBudget";
			};
			name = Release;
		};
		3AB7670F22AF864E004EEA22 /* Debug */ = {
			isa = XCBuildConfiguration;
			baseConfigurationReference = 0CB272D2D6E63C57898885C8 /* Pods-OurBudgetUITests.debug.xcconfig */;
			buildSettings = {
				ALWAYS_EMBED_SWIFT_STANDARD_LIBRARIES = YES;
				CODE_SIGN_STYLE = Automatic;
				DEVELOPMENT_TEAM = 35JZD57LU6;
				INFOPLIST_FILE = OurBudgetUITests/Info.plist;
				LD_RUNPATH_SEARCH_PATHS = (
					"$(inherited)",
					"@executable_path/Frameworks",
					"@loader_path/Frameworks",
				);
				PRODUCT_BUNDLE_IDENTIFIER = com.bredykhin.OurBudgetUITests;
				PRODUCT_NAME = "$(TARGET_NAME)";
				SWIFT_VERSION = 5.0;
				TARGETED_DEVICE_FAMILY = "1,2";
				TEST_TARGET_NAME = OurBudget;
			};
			name = Debug;
		};
		3AB7671022AF864E004EEA22 /* Release */ = {
			isa = XCBuildConfiguration;
			baseConfigurationReference = 9051A97716EABAB65C05597E /* Pods-OurBudgetUITests.release.xcconfig */;
			buildSettings = {
				ALWAYS_EMBED_SWIFT_STANDARD_LIBRARIES = YES;
				CODE_SIGN_STYLE = Automatic;
				DEVELOPMENT_TEAM = 35JZD57LU6;
				INFOPLIST_FILE = OurBudgetUITests/Info.plist;
				LD_RUNPATH_SEARCH_PATHS = (
					"$(inherited)",
					"@executable_path/Frameworks",
					"@loader_path/Frameworks",
				);
				PRODUCT_BUNDLE_IDENTIFIER = com.bredykhin.OurBudgetUITests;
				PRODUCT_NAME = "$(TARGET_NAME)";
				SWIFT_VERSION = 5.0;
				TARGETED_DEVICE_FAMILY = "1,2";
				TEST_TARGET_NAME = OurBudget;
			};
			name = Release;
		};
/* End XCBuildConfiguration section */

/* Begin XCConfigurationList section */
		3AB766D922AF864D004EEA22 /* Build configuration list for PBXProject "OurBudget" */ = {
			isa = XCConfigurationList;
			buildConfigurations = (
				3AB7670622AF864E004EEA22 /* Debug */,
				3AB7670722AF864E004EEA22 /* Release */,
			);
			defaultConfigurationIsVisible = 0;
			defaultConfigurationName = Release;
		};
		3AB7670822AF864E004EEA22 /* Build configuration list for PBXNativeTarget "OurBudget" */ = {
			isa = XCConfigurationList;
			buildConfigurations = (
				3AB7670922AF864E004EEA22 /* Debug */,
				3AB7670A22AF864E004EEA22 /* Release */,
			);
			defaultConfigurationIsVisible = 0;
			defaultConfigurationName = Release;
		};
		3AB7670B22AF864E004EEA22 /* Build configuration list for PBXNativeTarget "OurBudgetTests" */ = {
			isa = XCConfigurationList;
			buildConfigurations = (
				3AB7670C22AF864E004EEA22 /* Debug */,
				3AB7670D22AF864E004EEA22 /* Release */,
			);
			defaultConfigurationIsVisible = 0;
			defaultConfigurationName = Release;
		};
		3AB7670E22AF864E004EEA22 /* Build configuration list for PBXNativeTarget "OurBudgetUITests" */ = {
			isa = XCConfigurationList;
			buildConfigurations = (
				3AB7670F22AF864E004EEA22 /* Debug */,
				3AB7671022AF864E004EEA22 /* Release */,
			);
			defaultConfigurationIsVisible = 0;
			defaultConfigurationName = Release;
		};
/* End XCConfigurationList section */
	};
	rootObject = 3AB766D622AF864D004EEA22 /* Project object */;
}
